
Microsoft Visual Studio Solution File, Format Version 12.00
Project("{FAE04EC0-301F-11D3-BF4B-00C04F79EFBC}") = "SortingAlgorithms", "SortingAlgorithms\SortingAlgorithms.csproj", "{DC8FD996-5338-4FE7-89B3-784B3B458E0B}"
EndProject
Project("{FAE04EC0-301F-11D3-BF4B-00C04F79EFBC}") = "SortingAlgorithmsBenchmark", "SortingAlgorithmsBenchmark\SortingAlgorithmsBenchmark.csproj", "{354F98F4-E59B-4AB9-BFC0-090AC2185DE4}"
EndProject
Global
	GlobalSection(SolutionConfigurationPlatforms) = preSolution
		Debug|Any CPU = Debug|Any CPU
		Release|Any CPU = Release|Any CPU
	EndGlobalSection
	GlobalSection(ProjectConfigurationPlatforms) = postSolution
		{DC8FD996-5338-4FE7-89B3-784B3B458E0B}.Debug|Any CPU.ActiveCfg = Debug|Any CPU
		{DC8FD996-5338-4FE7-89B3-784B3B458E0B}.Debug|Any CPU.Build.0 = Debug|Any CPU
		{DC8FD996-5338-4FE7-89B3-784B3B458E0B}.Release|Any CPU.ActiveCfg = Release|Any CPU
		{DC8FD996-5338-4FE7-89B3-784B3B458E0B}.Release|Any CPU.Build.0 = Release|Any CPU
		{354F98F4-E59B-4AB9-BFC0-090AC2185DE4}.Debug|Any CPU.ActiveCfg = Debug|Any CPU
		{354F98F4-E59B-4AB9-BFC0-090AC2185DE4}.Debug|Any CPU.Build.0 = Debug|Any CPU
		{354F98F4-E59B-4AB9-BFC0-090AC2185DE4}.Release|Any CPU.ActiveCfg = Release|Any CPU
		{354F98F4-E59B-4AB9-BFC0-090AC2185DE4}.Release|Any CPU.Build.0 = Release|Any CPU
	EndGlobalSection
EndGlobal
